
Microsoft Visual Studio Solution File, Format Version 11.00
# Visual Studio 2010
Project("{FAE04EC0-301F-11D3-BF4B-00C04F79EFBC}") = "Unity.Timeline", "Unity.Timeline.csproj", "{0dd64789-f85d-d533-e723-c92af945aff8}"
EndProject
Project("{FAE04EC0-301F-11D3-BF4B-00C04F79EFBC}") = "Unity.Timeline.Editor", "Unity.Timeline.Editor.csproj", "{17a4cd8d-7eaa-b4a7-4510-95d72f8418d9}"
EndProject
Project("{FAE04EC0-301F-11D3-BF4B-00C04F79EFBC}") = "Unity.ShaderGraph.Editor", "Unity.ShaderGraph.Editor.csproj", "{3fd2447b-54e3-4628-1596-6d6531ffad0f}"
EndProject
Project("{FAE04EC0-301F-11D3-BF4B-00C04F79EFBC}") = "Unity.RenderPipelines.Universal.Editor", "Unity.RenderPipelines.Universal.Editor.csproj", "{4cc4a678-72d9-32e5-901c-fa433df56685}"
EndProject
Project("{FAE04EC0-301F-11D3-BF4B-00C04F79EFBC}") = "Unity.TextMeshPro.Editor", "Unity.TextMeshPro.Editor.csproj", "{40c50363-b364-2ff3-fd3d-e29a7ec267ab}"
EndProject
Project("{FAE04EC0-301F-11D3-BF4B-00C04F79EFBC}") = "Unity.PlasticSCM.Editor", "Unity.PlasticSCM.Editor.csproj", "{a205eef9-6bbd-6122-1e93-008b3fdcf471}"
EndProject
Project("{FAE04EC0-301F-11D3-BF4B-00C04F79EFBC}") = "Unity.VisualScripting.Flow", "Unity.VisualScripting.Flow.csproj", "{7f3bd26d-33a7-6b7c-57f3-b4743fbdb33e}"
EndProject
Project("{FAE04EC0-301F-11D3-BF4B-00C04F79EFBC}") = "Unity.RenderPipelines.Universal.Runtime", "Unity.RenderPipelines.Universal.Runtime.csproj", "{601569f2-ac74-d23b-1722-04fe97686c9d}"
EndProject
Project("{FAE04EC0-301F-11D3-BF4B-00C04F79EFBC}") = "UnityEditor.UI", "UnityEditor.UI.csproj", "{ae776b54-5d91-265b-448d-d7115014bc70}"
EndProject
Project("{FAE04EC0-301F-11D3-BF4B-00C04F79EFBC}") = "Unity.RenderPipelines.Core.Runtime", "Unity.RenderPipelines.Core.Runtime.csproj", "{c200b368-ef84-ccf7-d189-53727c6a2446}"
EndProject
Project("{FAE04EC0-301F-11D3-BF4B-00C04F79EFBC}") = "Unity.VisualScripting.Core", "Unity.VisualScripting.Core.csproj", "{2f0ac25a-4014-92c3-35a3-b78d5c4c9eb0}"
EndProject
Project("{FAE04EC0-301F-11D3-BF4B-00C04F79EFBC}") = "Unity.Mathematics", "Unity.Mathematics.csproj", "{4f285c4f-37bb-3c79-552a-13d643347aea}"
EndProject
Project("{FAE04EC0-301F-11D3-BF4B-00C04F79EFBC}") = "Unity.RenderPipelines.Core.Editor", "Unity.RenderPipelines.Core.Editor.csproj", "{3ad732f8-4b5d-f9d2-de0d-3aabc853c9c9}"
EndProject
Project("{FAE04EC0-301F-11D3-BF4B-00C04F79EFBC}") = "Unity.VisualScripting.Core.Editor", "Unity.VisualScripting.Core.Editor.csproj", "{7f701de4-9b24-a17c-f2fa-b14dfab16253}"
EndProject
Project("{FAE04EC0-301F-11D3-BF4B-00C04F79EFBC}") = "Unity.VisualScripting.Flow.Editor", "Unity.VisualScripting.Flow.Editor.csproj", "{29fc165c-ef81-287d-ed56-3426a164f673}"
EndProject
Project("{FAE04EC0-301F-11D3-BF4B-00C04F79EFBC}") = "UnityEditor.TestRunner", "UnityEditor.TestRunner.csproj", "{446dc0ea-f505-a28d-b958-59c6f4db2656}"
EndProject
Project("{FAE04EC0-301F-11D3-BF4B-00C04F79EFBC}") = "Unity.VisualScripting.SettingsProvider.Editor", "Unity.VisualScripting.SettingsProvider.Editor.csproj", "{b431433c-c42d-9218-a02f-8c00ac679d97}"
EndProject
Project("{FAE04EC0-301F-11D3-BF4B-00C04F79EFBC}") = "UnityEngine.TestRunner", "UnityEngine.TestRunner.csproj", "{5a0e356c-96cc-f574-8683-c160b34aa139}"
EndProject
Project("{FAE04EC0-301F-11D3-BF4B-00C04F79EFBC}") = "Unity.Searcher.Editor", "Unity.Searcher.Editor.csproj", "{f15af896-c0c1-56fd-d69f-dfc2c43b7679}"
EndProject
Project("{FAE04EC0-301F-11D3-BF4B-00C04F79EFBC}") = "Unity.Burst", "Unity.Burst.csproj", "{4abc7d54-2bef-0fa0-8f53-b70087db6f42}"
EndProject
Project("{FAE04EC0-301F-11D3-BF4B-00C04F79EFBC}") = "UnityEngine.UI", "UnityEngine.UI.csproj", "{7aafeabd-7dd4-0871-f88d-5ed04cca4591}"
EndProject
Project("{FAE04EC0-301F-11D3-BF4B-00C04F79EFBC}") = "Unity.VisualStudio.Editor", "Unity.VisualStudio.Editor.csproj", "{778694fc-6a6e-8249-ec24-3493812f1a65}"
EndProject
Project("{FAE04EC0-301F-11D3-BF4B-00C04F79EFBC}") = "PPv2URPConverters", "PPv2URPConverters.csproj", "{074780f1-ae04-3631-eded-4ec28ad1235a}"
EndProject
Project("{FAE04EC0-301F-11D3-BF4B-00C04F79EFBC}") = "Unity.Rider.Editor", "Unity.Rider.Editor.csproj", "{9dd6a651-30f6-0118-6a2d-ec89a9869d34}"
EndProject
Project("{FAE04EC0-301F-11D3-BF4B-00C04F79EFBC}") = "Unity.CollabProxy.Editor", "Unity.CollabProxy.Editor.csproj", "{b284f04f-f4c9-5854-1926-376239ad343a}"
EndProject
Project("{FAE04EC0-301F-11D3-BF4B-00C04F79EFBC}") = "Unity.VisualScripting.State.Editor", "Unity.VisualScripting.State.Editor.csproj", "{5300ba9d-7f57-abd4-e08b-a40e2cc07129}"
EndProject
Project("{FAE04EC0-301F-11D3-BF4B-00C04F79EFBC}") = "Unity.Burst.CodeGen", "Unity.Burst.CodeGen.csproj", "{9c2aad91-29fc-9849-eabd-0ccc0fd09c4e}"
EndProject
Project("{FAE04EC0-301F-11D3-BF4B-00C04F79EFBC}") = "Unity.RenderPipeline.Universal.ShaderLibrary", "Unity.RenderPipeline.Universal.ShaderLibrary.csproj", "{c6c6003b-b299-97fc-8ce5-254351a83f9e}"
EndProject
Project("{FAE04EC0-301F-11D3-BF4B-00C04F79EFBC}") = "Unity.VisualScripting.State", "Unity.VisualScripting.State.csproj", "{bc428d26-607c-aa31-df0f-b1622c9ec46e}"
EndProject
Project("{FAE04EC0-301F-11D3-BF4B-00C04F79EFBC}") = "Unity.TextMeshPro", "Unity.TextMeshPro.csproj", "{90258934-7938-ae42-0ce7-ea7ff07cc91a}"
EndProject
Project("{FAE04EC0-301F-11D3-BF4B-00C04F79EFBC}") = "Unity.VSCode.Editor", "Unity.VSCode.Editor.csproj", "{2f097543-bc85-80db-20b2-6775340f8232}"
EndProject
Project("{FAE04EC0-301F-11D3-BF4B-00C04F79EFBC}") = "Unity.Burst.Editor", "Unity.Burst.Editor.csproj", "{3a2f12f7-9ab5-7a0e-e2e2-6b293e1684c8}"
EndProject
Project("{FAE04EC0-301F-11D3-BF4B-00C04F79EFBC}") = "Unity.ShaderGraph.Utilities", "Unity.ShaderGraph.Utilities.csproj", "{f9d39703-25a0-c003-473b-f56cfdfdb145}"
EndProject
Project("{FAE04EC0-301F-11D3-BF4B-00C04F79EFBC}") = "Unity.Mathematics.Editor", "Unity.Mathematics.Editor.csproj", "{057c8078-ec19-56bb-d48f-96b5e6f4c911}"
EndProject
Project("{FAE04EC0-301F-11D3-BF4B-00C04F79EFBC}") = "Assembly-CSharp", "Assembly-CSharp.csproj", "{5fdbdeeb-2593-0c7a-06f6-b91f6513f65f}"
EndProject
Project("{FAE04EC0-301F-11D3-BF4B-00C04F79EFBC}") = "Assembly-CSharp-Editor", "Assembly-CSharp-Editor.csproj", "{edf20cfd-4512-aa4c-06bc-942be67d91cc}"
EndProject
Project("{FAE04EC0-301F-11D3-BF4B-00C04F79EFBC}") = "Unity.VisualScripting.Shared.Editor", "Unity.VisualScripting.Shared.Editor.csproj", "{c86fa6e4-df48-a63a-5812-abf6c6626222}"
EndProject
Project("{FAE04EC0-301F-11D3-BF4B-00C04F79EFBC}") = "Unity.RenderPipelines.Universal.Config.Runtime", "Unity.RenderPipelines.Universal.Config.Runtime.csproj", "{1df19144-b212-d586-9c35-bfdc451e9520}"
EndProject
Project("{FAE04EC0-301F-11D3-BF4B-00C04F79EFBC}") = "Unity.RenderPipelines.ShaderGraph.ShaderGraphLibrary", "Unity.RenderPipelines.ShaderGraph.ShaderGraphLibrary.csproj", "{168dd943-6185-8e22-89bd-a362b7f790e3}"
EndProject
Project("{FAE04EC0-301F-11D3-BF4B-00C04F79EFBC}") = "Unity.RenderPipelines.Core.ShaderLibrary", "Unity.RenderPipelines.Core.ShaderLibrary.csproj", "{a9c5c7de-ee8a-0d85-6bd6-ef37fd2846df}"
EndProject
Project("{FAE04EC0-301F-11D3-BF4B-00C04F79EFBC}") = "Unity.RenderPipelines.Universal.Shaders", "Unity.RenderPipelines.Universal.Shaders.csproj", "{94947124-1818-cb8d-bd01-452a9b8fdf36}"
EndProject
Project("{FAE04EC0-301F-11D3-BF4B-00C04F79EFBC}") = "Unity.Mathematics.Tests", "Unity.Mathematics.Tests.csproj", "{6dffe566-46df-2523-d231-031166514aed}"
EndProject
Project("{FAE04EC0-301F-11D3-BF4B-00C04F79EFBC}") = "Unity.RenderPipelines.Core.Editor.Tests", "Unity.RenderPipelines.Core.Editor.Tests.csproj", "{f7e7ec2f-bb47-1207-db6b-80ef24746835}"
EndProject
Project("{FAE04EC0-301F-11D3-BF4B-00C04F79EFBC}") = "Unity.RenderPipelines.Universal.Config.Editor.Tests", "Unity.RenderPipelines.Universal.Config.Editor.Tests.csproj", "{8252e112-c7a0-fa10-42a3-be5798a3929c}"
EndProject
Project("{FAE04EC0-301F-11D3-BF4B-00C04F79EFBC}") = "Unity.Burst.Tests.UnitTests", "Unity.Burst.Tests.UnitTests.csproj", "{9c7663ae-2ed3-e670-e23a-667cde3d0d48}"
EndProject
Project("{FAE04EC0-301F-11D3-BF4B-00C04F79EFBC}") = "Unity.Searcher.EditorTests", "Unity.Searcher.EditorTests.csproj", "{631fba09-b5aa-ace0-bdcc-d08cf94ae437}"
EndProject
Project("{FAE04EC0-301F-11D3-BF4B-00C04F79EFBC}") = "Unity.Burst.Editor.Tests", "Unity.Burst.Editor.Tests.csproj", "{add6379e-d26d-fffe-994d-eda9ae7c0a30}"
EndProject
Project("{FAE04EC0-301F-11D3-BF4B-00C04F79EFBC}") = "Unity.TextMeshPro.Editor.Tests", "Unity.TextMeshPro.Editor.Tests.csproj", "{27d3f21c-8c65-44cc-4d0b-6b74f01699ea}"
EndProject
Project("{FAE04EC0-301F-11D3-BF4B-00C04F79EFBC}") = "DocCodeExamples", "DocCodeExamples.csproj", "{ba01d958-36ef-726b-be49-d3cd570f025a}"
EndProject
Project("{FAE04EC0-301F-11D3-BF4B-00C04F79EFBC}") = "Unity.RenderPipelines.Universal.Editor.Tests", "Unity.RenderPipelines.Universal.Editor.Tests.csproj", "{9878f3f8-f6cc-93c8-da10-36a4c49886f6}"
EndProject
Project("{FAE04EC0-301F-11D3-BF4B-00C04F79EFBC}") = "UnityEngine.UI.Tests", "UnityEngine.UI.Tests.csproj", "{9faf5457-e5db-3e87-ade4-7468c6117f08}"
EndProject
Project("{FAE04EC0-301F-11D3-BF4B-00C04F79EFBC}") = "Unity.TextMeshPro.Tests", "Unity.TextMeshPro.Tests.csproj", "{20ae62d5-6239-994d-eb66-00b63a37bd6c}"
EndProject
Project("{FAE04EC0-301F-11D3-BF4B-00C04F79EFBC}") = "SeparateAssembly", "SeparateAssembly.csproj", "{89fee4e5-1138-6985-2d6e-c9ffe764e0b5}"
EndProject
Project("{FAE04EC0-301F-11D3-BF4B-00C04F79EFBC}") = "UnityEditor.UI.EditorTests", "UnityEditor.UI.EditorTests.csproj", "{f23949e3-8879-bc73-7c0e-d75db8f92530}"
EndProject
Project("{FAE04EC0-301F-11D3-BF4B-00C04F79EFBC}") = "Unity.RenderPipelines.Universal.Runtime.Tests", "Unity.RenderPipelines.Universal.Runtime.Tests.csproj", "{c6323bf1-7d5a-7783-f2f7-543688e53800}"
EndProject
Project("{FAE04EC0-301F-11D3-BF4B-00C04F79EFBC}") = "OverloadedFunctionPointers", "OverloadedFunctionPointers.csproj", "{fd022d7f-a375-4915-02de-3611c5d06120}"
EndProject
Project("{FAE04EC0-301F-11D3-BF4B-00C04F79EFBC}") = "Unity.RenderPipelines.Core.Runtime.Tests", "Unity.RenderPipelines.Core.Runtime.Tests.csproj", "{966fafca-ebfb-9fd9-a59c-98bdc33d37cc}"
EndProject
Project("{FAE04EC0-301F-11D3-BF4B-00C04F79EFBC}") = "Unity.ShaderGraph.Editor.Tests", "Unity.ShaderGraph.Editor.Tests.csproj", "{033ea3ea-6f71-17c4-bc5e-2b6d3714e33d}"
EndProject
Global
	GlobalSection(SolutionConfigurationPlatforms) = preSolution
		Debug|Any CPU = Debug|Any CPU
	EndGlobalSection
	GlobalSection(ProjectConfigurationPlatforms) = postSolution
		{0dd64789-f85d-d533-e723-c92af945aff8}.Debug|Any CPU.ActiveCfg = Debug|Any CPU
		{0dd64789-f85d-d533-e723-c92af945aff8}.Debug|Any CPU.Build.0 = Debug|Any CPU
		{17a4cd8d-7eaa-b4a7-4510-95d72f8418d9}.Debug|Any CPU.ActiveCfg = Debug|Any CPU
		{17a4cd8d-7eaa-b4a7-4510-95d72f8418d9}.Debug|Any CPU.Build.0 = Debug|Any CPU
		{3fd2447b-54e3-4628-1596-6d6531ffad0f}.Debug|Any CPU.ActiveCfg = Debug|Any CPU
		{3fd2447b-54e3-4628-1596-6d6531ffad0f}.Debug|Any CPU.Build.0 = Debug|Any CPU
		{4cc4a678-72d9-32e5-901c-fa433df56685}.Debug|Any CPU.ActiveCfg = Debug|Any CPU
		{4cc4a678-72d9-32e5-901c-fa433df56685}.Debug|Any CPU.Build.0 = Debug|Any CPU
		{40c50363-b364-2ff3-fd3d-e29a7ec267ab}.Debug|Any CPU.ActiveCfg = Debug|Any CPU
		{40c50363-b364-2ff3-fd3d-e29a7ec267ab}.Debug|Any CPU.Build.0 = Debug|Any CPU
		{a205eef9-6bbd-6122-1e93-008b3fdcf471}.Debug|Any CPU.ActiveCfg = Debug|Any CPU
		{a205eef9-6bbd-6122-1e93-008b3fdcf471}.Debug|Any CPU.Build.0 = Debug|Any CPU
		{7f3bd26d-33a7-6b7c-57f3-b4743fbdb33e}.Debug|Any CPU.ActiveCfg = Debug|Any CPU
		{7f3bd26d-33a7-6b7c-57f3-b4743fbdb33e}.Debug|Any CPU.Build.0 = Debug|Any CPU
		{601569f2-ac74-d23b-1722-04fe97686c9d}.Debug|Any CPU.ActiveCfg = Debug|Any CPU
		{601569f2-ac74-d23b-1722-04fe97686c9d}.Debug|Any CPU.Build.0 = Debug|Any CPU
		{ae776b54-5d91-265b-448d-d7115014bc70}.Debug|Any CPU.ActiveCfg = Debug|Any CPU
		{ae776b54-5d91-265b-448d-d7115014bc70}.Debug|Any CPU.Build.0 = Debug|Any CPU
		{c200b368-ef84-ccf7-d189-53727c6a2446}.Debug|Any CPU.ActiveCfg = Debug|Any CPU
		{c200b368-ef84-ccf7-d189-53727c6a2446}.Debug|Any CPU.Build.0 = Debug|Any CPU
		{2f0ac25a-4014-92c3-35a3-b78d5c4c9eb0}.Debug|Any CPU.ActiveCfg = Debug|Any CPU
		{2f0ac25a-4014-92c3-35a3-b78d5c4c9eb0}.Debug|Any CPU.Build.0 = Debug|Any CPU
		{4f285c4f-37bb-3c79-552a-13d643347aea}.Debug|Any CPU.ActiveCfg = Debug|Any CPU
		{4f285c4f-37bb-3c79-552a-13d643347aea}.Debug|Any CPU.Build.0 = Debug|Any CPU
		{3ad732f8-4b5d-f9d2-de0d-3aabc853c9c9}.Debug|Any CPU.ActiveCfg = Debug|Any CPU
		{3ad732f8-4b5d-f9d2-de0d-3aabc853c9c9}.Debug|Any CPU.Build.0 = Debug|Any CPU
		{7f701de4-9b24-a17c-f2fa-b14dfab16253}.Debug|Any CPU.ActiveCfg = Debug|Any CPU
		{7f701de4-9b24-a17c-f2fa-b14dfab16253}.Debug|Any CPU.Build.0 = Debug|Any CPU
		{29fc165c-ef81-287d-ed56-3426a164f673}.Debug|Any CPU.ActiveCfg = Debug|Any CPU
		{29fc165c-ef81-287d-ed56-3426a164f673}.Debug|Any CPU.Build.0 = Debug|Any CPU
		{446dc0ea-f505-a28d-b958-59c6f4db2656}.Debug|Any CPU.ActiveCfg = Debug|Any CPU
		{446dc0ea-f505-a28d-b958-59c6f4db2656}.Debug|Any CPU.Build.0 = Debug|Any CPU
		{b431433c-c42d-9218-a02f-8c00ac679d97}.Debug|Any CPU.ActiveCfg = Debug|Any CPU
		{b431433c-c42d-9218-a02f-8c00ac679d97}.Debug|Any CPU.Build.0 = Debug|Any CPU
		{5a0e356c-96cc-f574-8683-c160b34aa139}.Debug|Any CPU.ActiveCfg = Debug|Any CPU
		{5a0e356c-96cc-f574-8683-c160b34aa139}.Debug|Any CPU.Build.0 = Debug|Any CPU
		{f15af896-c0c1-56fd-d69f-dfc2c43b7679}.Debug|Any CPU.ActiveCfg = Debug|Any CPU
		{f15af896-c0c1-56fd-d69f-dfc2c43b7679}.Debug|Any CPU.Build.0 = Debug|Any CPU
		{4abc7d54-2bef-0fa0-8f53-b70087db6f42}.Debug|Any CPU.ActiveCfg = Debug|Any CPU
		{4abc7d54-2bef-0fa0-8f53-b70087db6f42}.Debug|Any CPU.Build.0 = Debug|Any CPU
		{7aafeabd-7dd4-0871-f88d-5ed04cca4591}.Debug|Any CPU.ActiveCfg = Debug|Any CPU
		{7aafeabd-7dd4-0871-f88d-5ed04cca4591}.Debug|Any CPU.Build.0 = Debug|Any CPU
		{778694fc-6a6e-8249-ec24-3493812f1a65}.Debug|Any CPU.ActiveCfg = Debug|Any CPU
		{778694fc-6a6e-8249-ec24-3493812f1a65}.Debug|Any CPU.Build.0 = Debug|Any CPU
		{074780f1-ae04-3631-eded-4ec28ad1235a}.Debug|Any CPU.ActiveCfg = Debug|Any CPU
		{074780f1-ae04-3631-eded-4ec28ad1235a}.Debug|Any CPU.Build.0 = Debug|Any CPU
		{9dd6a651-30f6-0118-6a2d-ec89a9869d34}.Debug|Any CPU.ActiveCfg = Debug|Any CPU
		{9dd6a651-30f6-0118-6a2d-ec89a9869d34}.Debug|Any CPU.Build.0 = Debug|Any CPU
		{b284f04f-f4c9-5854-1926-376239ad343a}.Debug|Any CPU.ActiveCfg = Debug|Any CPU
		{b284f04f-f4c9-5854-1926-376239ad343a}.Debug|Any CPU.Build.0 = Debug|Any CPU
		{5300ba9d-7f57-abd4-e08b-a40e2cc07129}.Debug|Any CPU.ActiveCfg = Debug|Any CPU
		{5300ba9d-7f57-abd4-e08b-a40e2cc07129}.Debug|Any CPU.Build.0 = Debug|Any CPU
		{9c2aad91-29fc-9849-eabd-0ccc0fd09c4e}.Debug|Any CPU.ActiveCfg = Debug|Any CPU
		{9c2aad91-29fc-9849-eabd-0ccc0fd09c4e}.Debug|Any CPU.Build.0 = Debug|Any CPU
		{c6c6003b-b299-97fc-8ce5-254351a83f9e}.Debug|Any CPU.ActiveCfg = Debug|Any CPU
		{c6c6003b-b299-97fc-8ce5-254351a83f9e}.Debug|Any CPU.Build.0 = Debug|Any CPU
		{bc428d26-607c-aa31-df0f-b1622c9ec46e}.Debug|Any CPU.ActiveCfg = Debug|Any CPU
		{bc428d26-607c-aa31-df0f-b1622c9ec46e}.Debug|Any CPU.Build.0 = Debug|Any CPU
		{90258934-7938-ae42-0ce7-ea7ff07cc91a}.Debug|Any CPU.ActiveCfg = Debug|Any CPU
		{90258934-7938-ae42-0ce7-ea7ff07cc91a}.Debug|Any CPU.Build.0 = Debug|Any CPU
		{2f097543-bc85-80db-20b2-6775340f8232}.Debug|Any CPU.ActiveCfg = Debug|Any CPU
		{2f097543-bc85-80db-20b2-6775340f8232}.Debug|Any CPU.Build.0 = Debug|Any CPU
		{3a2f12f7-9ab5-7a0e-e2e2-6b293e1684c8}.Debug|Any CPU.ActiveCfg = Debug|Any CPU
		{3a2f12f7-9ab5-7a0e-e2e2-6b293e1684c8}.Debug|Any CPU.Build.0 = Debug|Any CPU
		{f9d39703-25a0-c003-473b-f56cfdfdb145}.Debug|Any CPU.ActiveCfg = Debug|Any CPU
		{f9d39703-25a0-c003-473b-f56cfdfdb145}.Debug|Any CPU.Build.0 = Debug|Any CPU
		{057c8078-ec19-56bb-d48f-96b5e6f4c911}.Debug|Any CPU.ActiveCfg = Debug|Any CPU
		{057c8078-ec19-56bb-d48f-96b5e6f4c911}.Debug|Any CPU.Build.0 = Debug|Any CPU
		{5fdbdeeb-2593-0c7a-06f6-b91f6513f65f}.Debug|Any CPU.ActiveCfg = Debug|Any CPU
		{5fdbdeeb-2593-0c7a-06f6-b91f6513f65f}.Debug|Any CPU.Build.0 = Debug|Any CPU
		{edf20cfd-4512-aa4c-06bc-942be67d91cc}.Debug|Any CPU.ActiveCfg = Debug|Any CPU
		{edf20cfd-4512-aa4c-06bc-942be67d91cc}.Debug|Any CPU.Build.0 = Debug|Any CPU
		{c86fa6e4-df48-a63a-5812-abf6c6626222}.Debug|Any CPU.ActiveCfg = Debug|Any CPU
		{c86fa6e4-df48-a63a-5812-abf6c6626222}.Debug|Any CPU.Build.0 = Debug|Any CPU
		{1df19144-b212-d586-9c35-bfdc451e9520}.Debug|Any CPU.ActiveCfg = Debug|Any CPU
		{1df19144-b212-d586-9c35-bfdc451e9520}.Debug|Any CPU.Build.0 = Debug|Any CPU
		{168dd943-6185-8e22-89bd-a362b7f790e3}.Debug|Any CPU.ActiveCfg = Debug|Any CPU
		{168dd943-6185-8e22-89bd-a362b7f790e3}.Debug|Any CPU.Build.0 = Debug|Any CPU
		{a9c5c7de-ee8a-0d85-6bd6-ef37fd2846df}.Debug|Any CPU.ActiveCfg = Debug|Any CPU
		{a9c5c7de-ee8a-0d85-6bd6-ef37fd2846df}.Debug|Any CPU.Build.0 = Debug|Any CPU
		{94947124-1818-cb8d-bd01-452a9b8fdf36}.Debug|Any CPU.ActiveCfg = Debug|Any CPU
		{94947124-1818-cb8d-bd01-452a9b8fdf36}.Debug|Any CPU.Build.0 = Debug|Any CPU
		{6dffe566-46df-2523-d231-031166514aed}.Debug|Any CPU.ActiveCfg = Debug|Any CPU
		{6dffe566-46df-2523-d231-031166514aed}.Debug|Any CPU.Build.0 = Debug|Any CPU
		{f7e7ec2f-bb47-1207-db6b-80ef24746835}.Debug|Any CPU.ActiveCfg = Debug|Any CPU
		{f7e7ec2f-bb47-1207-db6b-80ef24746835}.Debug|Any CPU.Build.0 = Debug|Any CPU
		{8252e112-c7a0-fa10-42a3-be5798a3929c}.Debug|Any CPU.ActiveCfg = Debug|Any CPU
		{8252e112-c7a0-fa10-42a3-be5798a3929c}.Debug|Any CPU.Build.0 = Debug|Any CPU
		{9c7663ae-2ed3-e670-e23a-667cde3d0d48}.Debug|Any CPU.ActiveCfg = Debug|Any CPU
		{9c7663ae-2ed3-e670-e23a-667cde3d0d48}.Debug|Any CPU.Build.0 = Debug|Any CPU
		{631fba09-b5aa-ace0-bdcc-d08cf94ae437}.Debug|Any CPU.ActiveCfg = Debug|Any CPU
		{631fba09-b5aa-ace0-bdcc-d08cf94ae437}.Debug|Any CPU.Build.0 = Debug|Any CPU
		{add6379e-d26d-fffe-994d-eda9ae7c0a30}.Debug|Any CPU.ActiveCfg = Debug|Any CPU
		{add6379e-d26d-fffe-994d-eda9ae7c0a30}.Debug|Any CPU.Build.0 = Debug|Any CPU
		{27d3f21c-8c65-44cc-4d0b-6b74f01699ea}.Debug|Any CPU.ActiveCfg = Debug|Any CPU
		{27d3f21c-8c65-44cc-4d0b-6b74f01699ea}.Debug|Any CPU.Build.0 = Debug|Any CPU
		{ba01d958-36ef-726b-be49-d3cd570f025a}.Debug|Any CPU.ActiveCfg = Debug|Any CPU
		{ba01d958-36ef-726b-be49-d3cd570f025a}.Debug|Any CPU.Build.0 = Debug|Any CPU
		{9878f3f8-f6cc-93c8-da10-36a4c49886f6}.Debug|Any CPU.ActiveCfg = Debug|Any CPU
		{9878f3f8-f6cc-93c8-da10-36a4c49886f6}.Debug|Any CPU.Build.0 = Debug|Any CPU
		{9faf5457-e5db-3e87-ade4-7468c6117f08}.Debug|Any CPU.ActiveCfg = Debug|Any CPU
		{9faf5457-e5db-3e87-ade4-7468c6117f08}.Debug|Any CPU.Build.0 = Debug|Any CPU
		{20ae62d5-6239-994d-eb66-00b63a37bd6c}.Debug|Any CPU.ActiveCfg = Debug|Any CPU
		{20ae62d5-6239-994d-eb66-00b63a37bd6c}.Debug|Any CPU.Build.0 = Debug|Any CPU
		{89fee4e5-1138-6985-2d6e-c9ffe764e0b5}.Debug|Any CPU.ActiveCfg = Debug|Any CPU
		{89fee4e5-1138-6985-2d6e-c9ffe764e0b5}.Debug|Any CPU.Build.0 = Debug|Any CPU
		{f23949e3-8879-bc73-7c0e-d75db8f92530}.Debug|Any CPU.ActiveCfg = Debug|Any CPU
		{f23949e3-8879-bc73-7c0e-d75db8f92530}.Debug|Any CPU.Build.0 = Debug|Any CPU
		{c6323bf1-7d5a-7783-f2f7-543688e53800}.Debug|Any CPU.ActiveCfg = Debug|Any CPU
		{c6323bf1-7d5a-7783-f2f7-543688e53800}.Debug|Any CPU.Build.0 = Debug|Any CPU
		{fd022d7f-a375-4915-02de-3611c5d06120}.Debug|Any CPU.ActiveCfg = Debug|Any CPU
		{fd022d7f-a375-4915-02de-3611c5d06120}.Debug|Any CPU.Build.0 = Debug|Any CPU
		{966fafca-ebfb-9fd9-a59c-98bdc33d37cc}.Debug|Any CPU.ActiveCfg = Debug|Any CPU
		{966fafca-ebfb-9fd9-a59c-98bdc33d37cc}.Debug|Any CPU.Build.0 = Debug|Any CPU
		{033ea3ea-6f71-17c4-bc5e-2b6d3714e33d}.Debug|Any CPU.ActiveCfg = Debug|Any CPU
		{033ea3ea-6f71-17c4-bc5e-2b6d3714e33d}.Debug|Any CPU.Build.0 = Debug|Any CPU
	EndGlobalSection
	GlobalSection(SolutionProperties) = preSolution
		HideSolutionNode = FALSE
	EndGlobalSection
EndGlobal
